PODS:
  - Bugsnag (3.0.0):
    - Reachability
  - Reachability (3.1.1)

DEPENDENCIES:
  - Bugsnag (from `/Users/simon/Projects/bugsnag/bugsnag-objective-c/`)

EXTERNAL SOURCES:
  Bugsnag:
    :path: /Users/simon/Projects/bugsnag/bugsnag-objective-c/

SPEC CHECKSUMS:
  Bugsnag: 21cd4061c5c9cafa705fbcaeab97e81283a312e7
  Reachability: 2be6bc2fd2bd31d97f5db33e75e4b29c79e95883

COCOAPODS: 0.24.0
