// !$*UTF8*$!
{
	archiveVersion = 1;
	classes = {
	};
	objectVersion = 46;
	objects = {

/* Begin PBXBuildFile section */
		F40B874B16AA233500676BB2 /* UIKit.framework in Frameworks */ = {isa = PBXBuildFile; fileRef = F40B874A16AA233500676BB2 /* UIKit.framework */; };
		F40B874D16AA233500676BB2 /* Foundation.framework in Frameworks */ = {isa = PBXBuildFile; fileRef = F40B874C16AA233500676BB2 /* Foundation.framework */; };
		F40B874F16AA233500676BB2 /* CoreGraphics.framework in Frameworks */ = {isa = PBXBuildFile; fileRef = F40B874E16AA233500676BB2 /* CoreGraphics.framework */; };
		F40B875516AA233500676BB2 /* InfoPlist.strings in Resources */ = {isa = PBXBuildFile; fileRef = F40B875316AA233500676BB2 /* InfoPlist.strings */; };
		F40B875716AA233500676BB2 /* main.m in Sources */ = {isa = PBXBuildFile; fileRef = F40B875616AA233500676BB2 /* main.m */; };
		F40B875B16AA233500676BB2 /* AppDelegate.m in Sources */ = {isa = PBXBuildFile; fileRef = F40B875A16AA233500676BB2 /* AppDelegate.m */; };
		F40B875D16AA233500676BB2 /* Default.png in Resources */ = {isa = PBXBuildFile; fileRef = F40B875C16AA233500676BB2 /* Default.png */; };
		F40B875F16AA233500676BB2 /* Default@2x.png in Resources */ = {isa = PBXBuildFile; fileRef = F40B875E16AA233500676BB2 /* Default@2x.png */; };
		F40B876116AA233500676BB2 /* Default-568h@2x.png in Resources */ = {isa = PBXBuildFile; fileRef = F40B876016AA233500676BB2 /* Default-568h@2x.png */; };
		F40B876416AA233500676BB2 /* MainStoryboard_iPhone.storyboard in Resources */ = {isa = PBXBuildFile; fileRef = F40B876216AA233500676BB2 /* MainStoryboard_iPhone.storyboard */; };
		F40B876716AA233500676BB2 /* MainStoryboard_iPad.storyboard in Resources */ = {isa = PBXBuildFile; fileRef = F40B876516AA233500676BB2 /* MainStoryboard_iPad.storyboard */; };
		F40B876A16AA233500676BB2 /* ViewController.m in Sources */ = {isa = PBXBuildFile; fileRef = F40B876916AA233500676BB2 /* ViewController.m */; };
		F495C52317E29DA500B1995A /* Bugsnag.m in Sources */ = {isa = PBXBuildFile; fileRef = F495C51317E29DA500B1995A /* Bugsnag.m */; };
		F495C52417E29DA500B1995A /* BugsnagConfiguration.m in Sources */ = {isa = PBXBuildFile; fileRef = F495C51517E29DA500B1995A /* BugsnagConfiguration.m */; };
		F495C52517E29DA500B1995A /* BugsnagEvent.m in Sources */ = {isa = PBXBuildFile; fileRef = F495C51717E29DA500B1995A /* BugsnagEvent.m */; };
		F495C52617E29DA500B1995A /* BugsnagMetaData.m in Sources */ = {isa = PBXBuildFile; fileRef = F495C51A17E29DA500B1995A /* BugsnagMetaData.m */; };
		F495C52717E29DA500B1995A /* BugsnagNotifier.m in Sources */ = {isa = PBXBuildFile; fileRef = F495C51C17E29DA500B1995A /* BugsnagNotifier.m */; };
		F495C52817E29DA500B1995A /* BugsnagReachability.m in Sources */ = {isa = PBXBuildFile; fileRef = F495C51F17E29DA500B1995A /* BugsnagReachability.m */; };
		F495C52917E29DA500B1995A /* BugsnagIosNotifier.m in Sources */ = {isa = PBXBuildFile; fileRef = F495C52217E29DA500B1995A /* BugsnagIosNotifier.m */; };
		F495C52B17E29DF800B1995A /* SystemConfiguration.framework in Frameworks */ = {isa = PBXBuildFile; fileRef = F495C52A17E29DF800B1995A /* SystemConfiguration.framework */; };
/* End PBXBuildFile section */

/* Begin PBXFileReference section */
		F40B874616AA233500676BB2 /* Bugsnag Test App.app */ = {isa = PBXFileReference; explicitFileType = wrapper.application; includeInIndex = 0; path = "Bugsnag Test App.app"; sourceTree = BUILT_PRODUCTS_DIR; };
		F40B874A16AA233500676BB2 /* UIKit.framework */ = {isa = PBXFileReference; lastKnownFileType = wrapper.framework; name = UIKit.framework; path = System/Library/Frameworks/UIKit.framework; sourceTree = SDKROOT; };
		F40B874C16AA233500676BB2 /* Foundation.framework */ = {isa = PBXFileReference; lastKnownFileType = wrapper.framework; name = Foundation.framework; path = System/Library/Frameworks/Foundation.framework; sourceTree = SDKROOT; };
		F40B874E16AA233500676BB2 /* CoreGraphics.framework */ = {isa = PBXFileReference; lastKnownFileType = wrapper.framework; name = CoreGraphics.framework; path = System/Library/Frameworks/CoreGraphics.framework; sourceTree = SDKROOT; };
		F40B875216AA233500676BB2 /* Bugsnag Test App-Info.plist */ = {isa = PBXFileReference; lastKnownFileType = text.plist.xml; path = "Bugsnag Test App-Info.plist"; sourceTree = "<group>"; };
		F40B875416AA233500676BB2 /* en */ = {isa = PBXFileReference; lastKnownFileType = text.plist.strings; name = en; path = en.lproj/InfoPlist.strings; sourceTree = "<group>"; };
		F40B875616AA233500676BB2 /* main.m */ = {isa = PBXFileReference; lastKnownFileType = sourcecode.c.objc; path = main.m; sourceTree = "<group>"; };
		F40B875816AA233500676BB2 /* Bugsnag Test App-Prefix.pch */ = {isa = PBXFileReference; lastKnownFileType = sourcecode.c.h; path = "Bugsnag Test App-Prefix.pch"; sourceTree = "<group>"; };
		F40B875916AA233500676BB2 /* AppDelegate.h */ = {isa = PBXFileReference; lastKnownFileType = sourcecode.c.h; path = AppDelegate.h; sourceTree = "<group>"; };
		F40B875A16AA233500676BB2 /* AppDelegate.m */ = {isa = PBXFileReference; lastKnownFileType = sourcecode.c.objc; path = AppDelegate.m; sourceTree = "<group>"; };
		F40B875C16AA233500676BB2 /* Default.png */ = {isa = PBXFileReference; lastKnownFileType = image.png; path = Default.png; sourceTree = "<group>"; };
		F40B875E16AA233500676BB2 /* Default@2x.png */ = {isa = PBXFileReference; lastKnownFileType = image.png; path = "Default@2x.png"; sourceTree = "<group>"; };
		F40B876016AA233500676BB2 /* Default-568h@2x.png */ = {isa = PBXFileReference; lastKnownFileType = image.png; path = "Default-568h@2x.png"; sourceTree = "<group>"; };
		F40B876316AA233500676BB2 /* en */ = {isa = PBXFileReference; lastKnownFileType = file.storyboard; name = en; path = en.lproj/MainStoryboard_iPhone.storyboard; sourceTree = "<group>"; };
		F40B876616AA233500676BB2 /* en */ = {isa = PBXFileReference; lastKnownFileType = file.storyboard; name = en; path = en.lproj/MainStoryboard_iPad.storyboard; sourceTree = "<group>"; };
		F40B876816AA233500676BB2 /* ViewController.h */ = {isa = PBXFileReference; lastKnownFileType = sourcecode.c.h; path = ViewController.h; sourceTree = "<group>"; };
		F40B876916AA233500676BB2 /* ViewController.m */ = {isa = PBXFileReference; lastKnownFileType = sourcecode.c.objc; path = ViewController.m; sourceTree = "<group>"; };
		F495C51117E29DA500B1995A /* Bugsnag-Prefix.pch */ = {isa = PBXFileReference; fileEncoding = 4; lastKnownFileType = sourcecode.c.h; path = "Bugsnag-Prefix.pch"; sourceTree = "<group>"; };
		F495C51217E29DA500B1995A /* Bugsnag.h */ = {isa = PBXFileReference; fileEncoding = 4; lastKnownFileType = sourcecode.c.h; path = Bugsnag.h; sourceTree = "<group>"; };
		F495C51317E29DA500B1995A /* Bugsnag.m */ = {isa = PBXFileReference; fileEncoding = 4; lastKnownFileType = sourcecode.c.objc; path = Bugsnag.m; sourceTree = "<group>"; };
		F495C51417E29DA500B1995A /* BugsnagConfiguration.h */ = {isa = PBXFileReference; fileEncoding = 4; lastKnownFileType = sourcecode.c.h; path = BugsnagConfiguration.h; sourceTree = "<group>"; };
		F495C51517E29DA500B1995A /* BugsnagConfiguration.m */ = {isa = PBXFileReference; fileEncoding = 4; lastKnownFileType = sourcecode.c.objc; path = BugsnagConfiguration.m; sourceTree = "<group>"; };
		F495C51617E29DA500B1995A /* BugsnagEvent.h */ = {isa = PBXFileReference; fileEncoding = 4; lastKnownFileType = sourcecode.c.h; path = BugsnagEvent.h; sourceTree = "<group>"; };
		F495C51717E29DA500B1995A /* BugsnagEvent.m */ = {isa = PBXFileReference; fileEncoding = 4; lastKnownFileType = sourcecode.c.objc; path = BugsnagEvent.m; sourceTree = "<group>"; };
		F495C51817E29DA500B1995A /* BugsnagLogger.h */ = {isa = PBXFileReference; fileEncoding = 4; lastKnownFileType = sourcecode.c.h; path = BugsnagLogger.h; sourceTree = "<group>"; };
		F495C51917E29DA500B1995A /* BugsnagMetaData.h */ = {isa = PBXFileReference; fileEncoding = 4; lastKnownFileType = sourcecode.c.h; path = BugsnagMetaData.h; sourceTree = "<group>"; };
		F495C51A17E29DA500B1995A /* BugsnagMetaData.m */ = {isa = PBXFileReference; fileEncoding = 4; lastKnownFileType = sourcecode.c.objc; path = BugsnagMetaData.m; sourceTree = "<group>"; };
		F495C51B17E29DA500B1995A /* BugsnagNotifier.h */ = {isa = PBXFileReference; fileEncoding = 4; lastKnownFileType = sourcecode.c.h; path = BugsnagNotifier.h; sourceTree = "<group>"; };
		F495C51C17E29DA500B1995A /* BugsnagNotifier.m */ = {isa = PBXFileReference; fileEncoding = 4; lastKnownFileType = sourcecode.c.objc; path = BugsnagNotifier.m; sourceTree = "<group>"; };
		F495C51E17E29DA500B1995A /* BugsnagReachability.h */ = {isa = PBXFileReference; fileEncoding = 4; lastKnownFileType = sourcecode.c.h; path = BugsnagReachability.h; sourceTree = "<group>"; };
		F495C51F17E29DA500B1995A /* BugsnagReachability.m */ = {isa = PBXFileReference; fileEncoding = 4; lastKnownFileType = sourcecode.c.objc; path = BugsnagReachability.m; sourceTree = "<group>"; };
		F495C52117E29DA500B1995A /* BugsnagIosNotifier.h */ = {isa = PBXFileReference; fileEncoding = 4; lastKnownFileType = sourcecode.c.h; path = BugsnagIosNotifier.h; sourceTree = "<group>"; };
		F495C52217E29DA500B1995A /* BugsnagIosNotifier.m */ = {isa = PBXFileReference; fileEncoding = 4; lastKnownFileType = sourcecode.c.objc; path = BugsnagIosNotifier.m; sourceTree = "<group>"; };
		F495C52A17E29DF800B1995A /* SystemConfiguration.framework */ = {isa = PBXFileReference; lastKnownFileType = wrapper.framework; name = SystemConfiguration.framework; path = System/Library/Frameworks/SystemConfiguration.framework; sourceTree = SDKROOT; };
/* End PBXFileReference section */

/* Begin PBXFrameworksBuildPhase section */
		F40B874316AA233500676BB2 /* Frameworks */ = {
			isa = PBXFrameworksBuildPhase;
			buildActionMask = 2147483647;
			files = (
				F495C52B17E29DF800B1995A /* SystemConfiguration.framework in Frameworks */,
				F40B874B16AA233500676BB2 /* UIKit.framework in Frameworks */,
				F40B874D16AA233500676BB2 /* Foundation.framework in Frameworks */,
				F40B874F16AA233500676BB2 /* CoreGraphics.framework in Frameworks */,
			);
			runOnlyForDeploymentPostprocessing = 0;
		};
/* End PBXFrameworksBuildPhase section */

/* Begin PBXGroup section */
		F40B873B16AA233500676BB2 = {
			isa = PBXGroup;
			children = (
				F495C52A17E29DF800B1995A /* SystemConfiguration.framework */,
				F40B875016AA233500676BB2 /* Bugsnag Test App */,
				F40B874916AA233500676BB2 /* Frameworks */,
				F40B874716AA233500676BB2 /* Products */,
			);
			sourceTree = "<group>";
		};
		F40B874716AA233500676BB2 /* Products */ = {
			isa = PBXGroup;
			children = (
				F40B874616AA233500676BB2 /* Bugsnag Test App.app */,
			);
			name = Products;
			sourceTree = "<group>";
		};
		F40B874916AA233500676BB2 /* Frameworks */ = {
			isa = PBXGroup;
			children = (
				F40B874A16AA233500676BB2 /* UIKit.framework */,
				F40B874C16AA233500676BB2 /* Foundation.framework */,
				F40B874E16AA233500676BB2 /* CoreGraphics.framework */,
			);
			name = Frameworks;
			sourceTree = "<group>";
		};
		F40B875016AA233500676BB2 /* Bugsnag Test App */ = {
			isa = PBXGroup;
			children = (
				F495C51017E29DA500B1995A /* bugsnag */,
				F40B875916AA233500676BB2 /* AppDelegate.h */,
				F40B875A16AA233500676BB2 /* AppDelegate.m */,
				F40B876216AA233500676BB2 /* MainStoryboard_iPhone.storyboard */,
				F40B876516AA233500676BB2 /* MainStoryboard_iPad.storyboard */,
				F40B876816AA233500676BB2 /* ViewController.h */,
				F40B876916AA233500676BB2 /* ViewController.m */,
				F40B875116AA233500676BB2 /* Supporting Files */,
			);
			path = "Bugsnag Test App";
			sourceTree = "<group>";
		};
		F40B875116AA233500676BB2 /* Supporting Files */ = {
			isa = PBXGroup;
			children = (
				F40B875216AA233500676BB2 /* Bugsnag Test App-Info.plist */,
				F40B875316AA233500676BB2 /* InfoPlist.strings */,
				F40B875616AA233500676BB2 /* main.m */,
				F40B875816AA233500676BB2 /* Bugsnag Test App-Prefix.pch */,
				F40B875C16AA233500676BB2 /* Default.png */,
				F40B875E16AA233500676BB2 /* Default@2x.png */,
				F40B876016AA233500676BB2 /* Default-568h@2x.png */,
			);
			name = "Supporting Files";
			sourceTree = "<group>";
		};
		F495C51017E29DA500B1995A /* bugsnag */ = {
			isa = PBXGroup;
			children = (
				F495C51117E29DA500B1995A /* Bugsnag-Prefix.pch */,
				F495C51217E29DA500B1995A /* Bugsnag.h */,
				F495C51317E29DA500B1995A /* Bugsnag.m */,
				F495C51417E29DA500B1995A /* BugsnagConfiguration.h */,
				F495C51517E29DA500B1995A /* BugsnagConfiguration.m */,
				F495C51617E29DA500B1995A /* BugsnagEvent.h */,
				F495C51717E29DA500B1995A /* BugsnagEvent.m */,
				F495C51817E29DA500B1995A /* BugsnagLogger.h */,
				F495C51917E29DA500B1995A /* BugsnagMetaData.h */,
				F495C51A17E29DA500B1995A /* BugsnagMetaData.m */,
				F495C51B17E29DA500B1995A /* BugsnagNotifier.h */,
				F495C51C17E29DA500B1995A /* BugsnagNotifier.m */,
				F495C51D17E29DA500B1995A /* dependencies */,
				F495C52017E29DA500B1995A /* iOS */,
			);
			path = bugsnag;
			sourceTree = "<group>";
		};
		F495C51D17E29DA500B1995A /* dependencies */ = {
			isa = PBXGroup;
			children = (
				F495C51E17E29DA500B1995A /* BugsnagReachability.h */,
				F495C51F17E29DA500B1995A /* BugsnagReachability.m */,
			);
			path = dependencies;
			sourceTree = "<group>";
		};
		F495C52017E29DA500B1995A /* iOS */ = {
			isa = PBXGroup;
			children = (
				F495C52117E29DA500B1995A /* BugsnagIosNotifier.h */,
				F495C52217E29DA500B1995A /* BugsnagIosNotifier.m */,
			);
			path = iOS;
			sourceTree = "<group>";
		};
/* End PBXGroup section */

/* Begin PBXNativeTarget section */
		F40B874516AA233500676BB2 /* Bugsnag Test App */ = {
			isa = PBXNativeTarget;
			buildConfigurationList = F40B876D16AA233500676BB2 /* Build configuration list for PBXNativeTarget "Bugsnag Test App" */;
			buildPhases = (
				F40B874216AA233500676BB2 /* Sources */,
				F40B874316AA233500676BB2 /* Frameworks */,
				F40B874416AA233500676BB2 /* Resources */,
				F495C52C17E2A40100B1995A /* Upload Bugsnag Symbolication Information */,
			);
			buildRules = (
			);
			dependencies = (
			);
			name = "Bugsnag Test App";
			productName = "Bugsnag Test App";
			productReference = F40B874616AA233500676BB2 /* Bugsnag Test App.app */;
			productType = "com.apple.product-type.application";
		};
/* End PBXNativeTarget section */

/* Begin PBXProject section */
		F40B873D16AA233500676BB2 /* Project object */ = {
			isa = PBXProject;
			attributes = {
				LastUpgradeCheck = 0450;
				ORGANIZATIONNAME = "Simon Maynard";
			};
			buildConfigurationList = F40B874016AA233500676BB2 /* Build configuration list for PBXProject "Bugsnag Test App" */;
			compatibilityVersion = "Xcode 3.2";
			developmentRegion = English;
			hasScannedForEncodings = 0;
			knownRegions = (
				en,
			);
			mainGroup = F40B873B16AA233500676BB2;
			productRefGroup = F40B874716AA233500676BB2 /* Products */;
			projectDirPath = "";
			projectRoot = "";
			targets = (
				F40B874516AA233500676BB2 /* Bugsnag Test App */,
			);
		};
/* End PBXProject section */

/* Begin PBXResourcesBuildPhase section */
		F40B874416AA233500676BB2 /* Resources */ = {
			isa = PBXResourcesBuildPhase;
			buildActionMask = 2147483647;
			files = (
				F40B875516AA233500676BB2 /* InfoPlist.strings in Resources */,
				F40B875D16AA233500676BB2 /* Default.png in Resources */,
				F40B875F16AA233500676BB2 /* Default@2x.png in Resources */,
				F40B876116AA233500676BB2 /* Default-568h@2x.png in Resources */,
				F40B876416AA233500676BB2 /* MainStoryboard_iPhone.storyboard in Resources */,
				F40B876716AA233500676BB2 /* MainStoryboard_iPad.storyboard in Resources */,
			);
			runOnlyForDeploymentPostprocessing = 0;
		};
/* End PBXResourcesBuildPhase section */

/* Begin PBXShellScriptBuildPhase section */
		F495C52C17E2A40100B1995A /* Upload Bugsnag Symbolication Information */ = {
			isa = PBXShellScriptBuildPhase;
			buildActionMask = 2147483647;
			files = (
			);
			inputPaths = (
			);
			name = "Upload Bugsnag Symbolication Information";
			outputPaths = (
			);
			runOnlyForDeploymentPostprocessing = 0;
			shellPath = /bin/sh;
			shellScript = "";
		};
/* End PBXShellScriptBuildPhase section */

/* Begin PBXSourcesBuildPhase section */
		F40B874216AA233500676BB2 /* Sources */ = {
			isa = PBXSourcesBuildPhase;
			buildActionMask = 2147483647;
			files = (
				F40B875716AA233500676BB2 /* main.m in Sources */,
				F40B875B16AA233500676BB2 /* AppDelegate.m in Sources */,
				F40B876A16AA233500676BB2 /* ViewController.m in Sources */,
				F495C52317E29DA500B1995A /* Bugsnag.m in Sources */,
				F495C52417E29DA500B1995A /* BugsnagConfiguration.m in Sources */,
				F495C52517E29DA500B1995A /* BugsnagEvent.m in Sources */,
				F495C52617E29DA500B1995A /* BugsnagMetaData.m in Sources */,
				F495C52717E29DA500B1995A /* BugsnagNotifier.m in Sources */,
				F495C52817E29DA500B1995A /* BugsnagReachability.m in Sources */,
				F495C52917E29DA500B1995A /* BugsnagIosNotifier.m in Sources */,
			);
			runOnlyForDeploymentPostprocessing = 0;
		};
/* End PBXSourcesBuildPhase section */

/* Begin PBXVariantGroup section */
		F40B875316AA233500676BB2 /* InfoPlist.strings */ = {
			isa = PBXVariantGroup;
			children = (
				F40B875416AA233500676BB2 /* en */,
			);
			name = InfoPlist.strings;
			sourceTree = "<group>";
		};
		F40B876216AA233500676BB2 /* MainStoryboard_iPhone.storyboard */ = {
			isa = PBXVariantGroup;
			children = (
				F40B876316AA233500676BB2 /* en */,
			);
			name = MainStoryboard_iPhone.storyboard;
			sourceTree = "<group>";
		};
		F40B876516AA233500676BB2 /* MainStoryboard_iPad.storyboard */ = {
			isa = PBXVariantGroup;
			children = (
				F40B876616AA233500676BB2 /* en */,
			);
			name = MainStoryboard_iPad.storyboard;
			sourceTree = "<group>";
		};
/* End PBXVariantGroup section */

/* Begin XCBuildConfiguration section */
		F40B876B16AA233500676BB2 /* Debug */ = {
			isa = XCBuildConfiguration;
			buildSettings = {
				ALWAYS_SEARCH_USER_PATHS = NO;
				CLANG_CXX_LANGUAGE_STANDARD = "gnu++0x";
				CLANG_CXX_LIBRARY = "libc++";
				CLANG_ENABLE_OBJC_ARC = YES;
				CLANG_WARN_EMPTY_BODY = YES;
				CLANG_WARN__DUPLICATE_METHOD_MATCH = YES;
				"CODE_SIGN_IDENTITY[sdk=iphoneos*]" = "iPhone Developer";
				COPY_PHASE_STRIP = YES;
				DEPLOYMENT_POSTPROCESSING = YES;
				GCC_C_LANGUAGE_STANDARD = gnu99;
				GCC_DYNAMIC_NO_PIC = NO;
				GCC_GENERATE_DEBUGGING_SYMBOLS = YES;
				GCC_OPTIMIZATION_LEVEL = 0;
				GCC_PREPROCESSOR_DEFINITIONS = (
					"DEBUG=1",
					"$(inherited)",
				);
				GCC_SYMBOLS_PRIVATE_EXTERN = YES;
				GCC_WARN_ABOUT_RETURN_TYPE = YES;
				GCC_WARN_UNINITIALIZED_AUTOS = YES;
				GCC_WARN_UNUSED_VARIABLE = YES;
				IPHONEOS_DEPLOYMENT_TARGET = 5.0;
				ONLY_ACTIVE_ARCH = YES;
				SDKROOT = iphoneos;
				TARGETED_DEVICE_FAMILY = "1,2";
			};
			name = Debug;
		};
		F40B876C16AA233500676BB2 /* Release */ = {
			isa = XCBuildConfiguration;
			buildSettings = {
				ALWAYS_SEARCH_USER_PATHS = NO;
				CLANG_CXX_LANGUAGE_STANDARD = "gnu++0x";
				CLANG_CXX_LIBRARY = "libc++";
				CLANG_ENABLE_OBJC_ARC = YES;
				CLANG_WARN_EMPTY_BODY = YES;
				CLANG_WARN__DUPLICATE_METHOD_MATCH = YES;
				"CODE_SIGN_IDENTITY[sdk=iphoneos*]" = "iPhone Developer";
				COPY_PHASE_STRIP = YES;
				DEPLOYMENT_POSTPROCESSING = YES;
				GCC_C_LANGUAGE_STANDARD = gnu99;
				GCC_GENERATE_DEBUGGING_SYMBOLS = YES;
				GCC_SYMBOLS_PRIVATE_EXTERN = YES;
				GCC_WARN_ABOUT_RETURN_TYPE = YES;
				GCC_WARN_UNINITIALIZED_AUTOS = YES;
				GCC_WARN_UNUSED_VARIABLE = YES;
				IPHONEOS_DEPLOYMENT_TARGET = 5.0;
				OTHER_CFLAGS = "-DNS_BLOCK_ASSERTIONS=1";
				SDKROOT = iphoneos;
				TARGETED_DEVICE_FAMILY = "1,2";
				VALIDATE_PRODUCT = YES;
			};
			name = Release;
		};
		F40B876E16AA233500676BB2 /* Debug */ = {
			isa = XCBuildConfiguration;
			buildSettings = {
				COPY_PHASE_STRIP = YES;
				DEPLOYMENT_POSTPROCESSING = NO;
				GCC_GENERATE_DEBUGGING_SYMBOLS = YES;
				GCC_PRECOMPILE_PREFIX_HEADER = YES;
				GCC_PREFIX_HEADER = "Bugsnag Test App/Bugsnag Test App-Prefix.pch";
				GCC_SYMBOLS_PRIVATE_EXTERN = YES;
				INFOPLIST_FILE = "Bugsnag Test App/Bugsnag Test App-Info.plist";
				IPHONEOS_DEPLOYMENT_TARGET = 6.0;
				PRODUCT_NAME = "$(TARGET_NAME)";
				SEPARATE_STRIP = YES;
				STRIP_INSTALLED_PRODUCT = YES;
				WRAPPER_EXTENSION = app;
			};
			name = Debug;
		};
		F40B876F16AA233500676BB2 /* Release */ = {
			isa = XCBuildConfiguration;
			buildSettings = {
				DEPLOYMENT_POSTPROCESSING = NO;
				GCC_GENERATE_DEBUGGING_SYMBOLS = YES;
				GCC_PRECOMPILE_PREFIX_HEADER = YES;
				GCC_PREFIX_HEADER = "Bugsnag Test App/Bugsnag Test App-Prefix.pch";
				INFOPLIST_FILE = "Bugsnag Test App/Bugsnag Test App-Info.plist";
				IPHONEOS_DEPLOYMENT_TARGET = 6.0;
				PRODUCT_NAME = "$(TARGET_NAME)";
				SEPARATE_STRIP = YES;
				STRIP_INSTALLED_PRODUCT = YES;
				WRAPPER_EXTENSION = app;
			};
			name = Release;
		};
/* End XCBuildConfiguration section */

/* Begin XCConfigurationList section */
		F40B874016AA233500676BB2 /* Build configuration list for PBXProject "Bugsnag Test App" */ = {
			isa = XCConfigurationList;
			buildConfigurations = (
				F40B876B16AA233500676BB2 /* Debug */,
				F40B876C16AA233500676BB2 /* Release */,
			);
			defaultConfigurationIsVisible = 0;
			defaultConfigurationName = Release;
		};
		F40B876D16AA233500676BB2 /* Build configuration list for PBXNativeTarget "Bugsnag Test App" */ = {
			isa = XCConfigurationList;
			buildConfigurations = (
				F40B876E16AA233500676BB2 /* Debug */,
				F40B876F16AA233500676BB2 /* Release */,
			);
			defaultConfigurationIsVisible = 0;
			defaultConfigurationName = Release;
		};
/* End XCConfigurationList section */
	};
	rootObject = F40B873D16AA233500676BB2 /* Project object */;
}
