// !$*UTF8*$!
{
	archiveVersion = 1;
	classes = {
	};
	objectVersion = 46;
	objects = {

/* Begin PBXBuildFile section */
		B0EAB5EF275C44A28FDCF9DA /* libPods.a in Frameworks */ = {isa = PBXBuildFile; fileRef = 220074864F7E43E38A197FF6 /* libPods.a */; };
		F495C53417E3E26F00B1995A /* WindowController.m in Sources */ = {isa = PBXBuildFile; fileRef = F495C53317E3E26F00B1995A /* WindowController.m */; };
		F4DE7CEB17E9203500BFD1C8 /* ExceptionHandling.framework in Frameworks */ = {isa = PBXBuildFile; fileRef = F4DE7CEA17E9203500BFD1C8 /* ExceptionHandling.framework */; };
		F4FC86BA16F93D9F00F801B5 /* Cocoa.framework in Frameworks */ = {isa = PBXBuildFile; fileRef = F4FC86B916F93D9F00F801B5 /* Cocoa.framework */; };
		F4FC86C416F93D9F00F801B5 /* InfoPlist.strings in Resources */ = {isa = PBXBuildFile; fileRef = F4FC86C216F93D9F00F801B5 /* InfoPlist.strings */; };
		F4FC86C616F93D9F00F801B5 /* main.m in Sources */ = {isa = PBXBuildFile; fileRef = F4FC86C516F93D9F00F801B5 /* main.m */; };
		F4FC86CA16F93D9F00F801B5 /* Credits.rtf in Resources */ = {isa = PBXBuildFile; fileRef = F4FC86C816F93D9F00F801B5 /* Credits.rtf */; };
		F4FC86CD16F93D9F00F801B5 /* AppDelegate.m in Sources */ = {isa = PBXBuildFile; fileRef = F4FC86CC16F93D9F00F801B5 /* AppDelegate.m */; };
		F4FC86D016F93D9F00F801B5 /* MainMenu.xib in Resources */ = {isa = PBXBuildFile; fileRef = F4FC86CE16F93D9F00F801B5 /* MainMenu.xib */; };
/* End PBXBuildFile section */

/* Begin PBXFileReference section */
		1A0BA4BC0AFF4C70ACFDA8F1 /* Pods.xcconfig */ = {isa = PBXFileReference; includeInIndex = 1; lastKnownFileType = text.xcconfig; name = Pods.xcconfig; path = Pods/Pods.xcconfig; sourceTree = "<group>"; };
		220074864F7E43E38A197FF6 /* libPods.a */ = {isa = PBXFileReference; explicitFileType = archive.ar; includeInIndex = 0; path = libPods.a; sourceTree = BUILT_PRODUCTS_DIR; };
		F495C53217E3E26F00B1995A /* WindowController.h */ = {isa = PBXFileReference; fileEncoding = 4; lastKnownFileType = sourcecode.c.h; path = WindowController.h; sourceTree = "<group>"; };
		F495C53317E3E26F00B1995A /* WindowController.m */ = {isa = PBXFileReference; fileEncoding = 4; lastKnownFileType = sourcecode.c.objc; path = WindowController.m; sourceTree = "<group>"; };
		F4DE7CEA17E9203500BFD1C8 /* ExceptionHandling.framework */ = {isa = PBXFileReference; lastKnownFileType = wrapper.framework; name = ExceptionHandling.framework; path = System/Library/Frameworks/ExceptionHandling.framework; sourceTree = SDKROOT; };
		F4FC86B616F93D9F00F801B5 /* BugsnagTestOSX.app */ = {isa = PBXFileReference; explicitFileType = wrapper.application; includeInIndex = 0; path = BugsnagTestOSX.app; sourceTree = BUILT_PRODUCTS_DIR; };
		F4FC86B916F93D9F00F801B5 /* Cocoa.framework */ = {isa = PBXFileReference; lastKnownFileType = wrapper.framework; name = Cocoa.framework; path = System/Library/Frameworks/Cocoa.framework; sourceTree = SDKROOT; };
		F4FC86BC16F93D9F00F801B5 /* AppKit.framework */ = {isa = PBXFileReference; lastKnownFileType = wrapper.framework; name = AppKit.framework; path = System/Library/Frameworks/AppKit.framework; sourceTree = SDKROOT; };
		F4FC86BD16F93D9F00F801B5 /* CoreData.framework */ = {isa = PBXFileReference; lastKnownFileType = wrapper.framework; name = CoreData.framework; path = System/Library/Frameworks/CoreData.framework; sourceTree = SDKROOT; };
		F4FC86BE16F93D9F00F801B5 /* Foundation.framework */ = {isa = PBXFileReference; lastKnownFileType = wrapper.framework; name = Foundation.framework; path = System/Library/Frameworks/Foundation.framework; sourceTree = SDKROOT; };
		F4FC86C116F93D9F00F801B5 /* BugsnagTestOSX-Info.plist */ = {isa = PBXFileReference; lastKnownFileType = text.plist.xml; path = "BugsnagTestOSX-Info.plist"; sourceTree = "<group>"; };
		F4FC86C316F93D9F00F801B5 /* en */ = {isa = PBXFileReference; lastKnownFileType = text.plist.strings; name = en; path = en.lproj/InfoPlist.strings; sourceTree = "<group>"; };
		F4FC86C516F93D9F00F801B5 /* main.m */ = {isa = PBXFileReference; lastKnownFileType = sourcecode.c.objc; path = main.m; sourceTree = "<group>"; };
		F4FC86C716F93D9F00F801B5 /* BugsnagTestOSX-Prefix.pch */ = {isa = PBXFileReference; lastKnownFileType = sourcecode.c.h; path = "BugsnagTestOSX-Prefix.pch"; sourceTree = "<group>"; };
		F4FC86C916F93D9F00F801B5 /* en */ = {isa = PBXFileReference; lastKnownFileType = text.rtf; name = en; path = en.lproj/Credits.rtf; sourceTree = "<group>"; };
		F4FC86CB16F93D9F00F801B5 /* AppDelegate.h */ = {isa = PBXFileReference; lastKnownFileType = sourcecode.c.h; path = AppDelegate.h; sourceTree = "<group>"; };
		F4FC86CC16F93D9F00F801B5 /* AppDelegate.m */ = {isa = PBXFileReference; lastKnownFileType = sourcecode.c.objc; path = AppDelegate.m; sourceTree = "<group>"; };
		F4FC86CF16F93D9F00F801B5 /* en */ = {isa = PBXFileReference; lastKnownFileType = file.xib; name = en; path = en.lproj/MainMenu.xib; sourceTree = "<group>"; };
/* End PBXFileReference section */

/* Begin PBXFrameworksBuildPhase section */
		F4FC86B316F93D9F00F801B5 /* Frameworks */ = {
			isa = PBXFrameworksBuildPhase;
			buildActionMask = 2147483647;
			files = (
				F4DE7CEB17E9203500BFD1C8 /* ExceptionHandling.framework in Frameworks */,
				F4FC86BA16F93D9F00F801B5 /* Cocoa.framework in Frameworks */,
				B0EAB5EF275C44A28FDCF9DA /* libPods.a in Frameworks */,
			);
			runOnlyForDeploymentPostprocessing = 0;
		};
/* End PBXFrameworksBuildPhase section */

/* Begin PBXGroup section */
		F4FC86AD16F93D9E00F801B5 = {
			isa = PBXGroup;
			children = (
				F4DE7CEA17E9203500BFD1C8 /* ExceptionHandling.framework */,
				F4FC86BF16F93D9F00F801B5 /* BugsnagTestOSX */,
				F4FC86B816F93D9F00F801B5 /* Frameworks */,
				F4FC86B716F93D9F00F801B5 /* Products */,
				1A0BA4BC0AFF4C70ACFDA8F1 /* Pods.xcconfig */,
			);
			sourceTree = "<group>";
		};
		F4FC86B716F93D9F00F801B5 /* Products */ = {
			isa = PBXGroup;
			children = (
				F4FC86B616F93D9F00F801B5 /* BugsnagTestOSX.app */,
			);
			name = Products;
			sourceTree = "<group>";
		};
		F4FC86B816F93D9F00F801B5 /* Frameworks */ = {
			isa = PBXGroup;
			children = (
				F4FC86B916F93D9F00F801B5 /* Cocoa.framework */,
				F4FC86BB16F93D9F00F801B5 /* Other Frameworks */,
				220074864F7E43E38A197FF6 /* libPods.a */,
			);
			name = Frameworks;
			sourceTree = "<group>";
		};
		F4FC86BB16F93D9F00F801B5 /* Other Frameworks */ = {
			isa = PBXGroup;
			children = (
				F4FC86BC16F93D9F00F801B5 /* AppKit.framework */,
				F4FC86BD16F93D9F00F801B5 /* CoreData.framework */,
				F4FC86BE16F93D9F00F801B5 /* Foundation.framework */,
			);
			name = "Other Frameworks";
			sourceTree = "<group>";
		};
		F4FC86BF16F93D9F00F801B5 /* BugsnagTestOSX */ = {
			isa = PBXGroup;
			children = (
				F4FC86CB16F93D9F00F801B5 /* AppDelegate.h */,
				F4FC86CC16F93D9F00F801B5 /* AppDelegate.m */,
				F4FC86CE16F93D9F00F801B5 /* MainMenu.xib */,
				F495C53217E3E26F00B1995A /* WindowController.h */,
				F495C53317E3E26F00B1995A /* WindowController.m */,
				F4FC86C016F93D9F00F801B5 /* Supporting Files */,
			);
			path = BugsnagTestOSX;
			sourceTree = "<group>";
		};
		F4FC86C016F93D9F00F801B5 /* Supporting Files */ = {
			isa = PBXGroup;
			children = (
				F4FC86C116F93D9F00F801B5 /* BugsnagTestOSX-Info.plist */,
				F4FC86C216F93D9F00F801B5 /* InfoPlist.strings */,
				F4FC86C516F93D9F00F801B5 /* main.m */,
				F4FC86C716F93D9F00F801B5 /* BugsnagTestOSX-Prefix.pch */,
				F4FC86C816F93D9F00F801B5 /* Credits.rtf */,
			);
			name = "Supporting Files";
			sourceTree = "<group>";
		};
/* End PBXGroup section */

/* Begin PBXNativeTarget section */
		F4FC86B516F93D9F00F801B5 /* BugsnagTestOSX */ = {
			isa = PBXNativeTarget;
			buildConfigurationList = F4FC86D316F93D9F00F801B5 /* Build configuration list for PBXNativeTarget "BugsnagTestOSX" */;
			buildPhases = (
				B838511F8A5242F9971BFC87 /* Check Pods Manifest.lock */,
				F4FC86B216F93D9F00F801B5 /* Sources */,
				F4FC86B316F93D9F00F801B5 /* Frameworks */,
				F4FC86B416F93D9F00F801B5 /* Resources */,
				049A677CCAB44BE3AEEFDDC6 /* Copy Pods Resources */,
				C4D6096355A44DC681E83407 /* Upload Bugsnag dSYM */,
			);
			buildRules = (
			);
			dependencies = (
			);
			name = BugsnagTestOSX;
			productName = BugsnagTestOSX;
			productReference = F4FC86B616F93D9F00F801B5 /* BugsnagTestOSX.app */;
			productType = "com.apple.product-type.application";
		};
/* End PBXNativeTarget section */

/* Begin PBXProject section */
		F4FC86AE16F93D9E00F801B5 /* Project object */ = {
			isa = PBXProject;
			attributes = {
				LastUpgradeCheck = 0460;
				ORGANIZATIONNAME = "Simon Maynard";
			};
			buildConfigurationList = F4FC86B116F93D9E00F801B5 /* Build configuration list for PBXProject "BugsnagTestOSX" */;
			compatibilityVersion = "Xcode 3.2";
			developmentRegion = English;
			hasScannedForEncodings = 0;
			knownRegions = (
				en,
			);
			mainGroup = F4FC86AD16F93D9E00F801B5;
			productRefGroup = F4FC86B716F93D9F00F801B5 /* Products */;
			projectDirPath = "";
			projectRoot = "";
			targets = (
				F4FC86B516F93D9F00F801B5 /* BugsnagTestOSX */,
			);
		};
/* End PBXProject section */

/* Begin PBXResourcesBuildPhase section */
		F4FC86B416F93D9F00F801B5 /* Resources */ = {
			isa = PBXResourcesBuildPhase;
			buildActionMask = 2147483647;
			files = (
				F4FC86C416F93D9F00F801B5 /* InfoPlist.strings in Resources */,
				F4FC86CA16F93D9F00F801B5 /* Credits.rtf in Resources */,
				F4FC86D016F93D9F00F801B5 /* MainMenu.xib in Resources */,
			);
			runOnlyForDeploymentPostprocessing = 0;
		};
/* End PBXResourcesBuildPhase section */

/* Begin PBXShellScriptBuildPhase section */
		049A677CCAB44BE3AEEFDDC6 /* Copy Pods Resources */ = {
			isa = PBXShellScriptBuildPhase;
			buildActionMask = 2147483647;
			files = (
			);
			inputPaths = (
			);
			name = "Copy Pods Resources";
			outputPaths = (
			);
			runOnlyForDeploymentPostprocessing = 0;
			shellPath = /bin/sh;
			shellScript = "\"${SRCROOT}/Pods/Pods-resources.sh\"\n";
			showEnvVarsInLog = 0;
		};
		B838511F8A5242F9971BFC87 /* Check Pods Manifest.lock */ = {
			isa = PBXShellScriptBuildPhase;
			buildActionMask = 2147483647;
			files = (
			);
			inputPaths = (
			);
			name = "Check Pods Manifest.lock";
			outputPaths = (
			);
			runOnlyForDeploymentPostprocessing = 0;
			shellPath = /bin/sh;
			shellScript = "diff \"${PODS_ROOT}/../Podfile.lock\" \"${PODS_ROOT}/Manifest.lock\" > /dev/null\nif [[ $? != 0 ]] ; then\n    cat << EOM\nerror: The sandbox is not in sync with the Podfile.lock. Run 'pod install' or update your CocoaPods installation.\nEOM\n    exit 1\nfi\n";
			showEnvVarsInLog = 0;
		};
		C4D6096355A44DC681E83407 /* Upload Bugsnag dSYM */ = {
			isa = PBXShellScriptBuildPhase;
			buildActionMask = 2147483647;
			files = (
			);
			inputPaths = (
			);
			name = "Upload Bugsnag dSYM";
			outputPaths = (
			);
			runOnlyForDeploymentPostprocessing = 0;
			shellPath = /usr/bin/ruby;
			shellScript = "\nif ENV[\"DEBUG_INFORMATION_FORMAT\"] != \"dwarf-with-dsym\"\n  exit\nend\n\nfork do\n  Process.setsid\n  STDIN.reopen(\"/dev/null\")\n  STDOUT.reopen(\"/dev/null\", \"a\")\n  STDERR.reopen(\"/dev/null\", \"a\")\n\n  require 'shellwords'\n\n  Dir[\"#{ENV[\"DWARF_DSYM_FOLDER_PATH\"]}/#{ENV[\"DWARF_DSYM_FILE_NAME\"]}/Contents/Resources/DWARF/*\"].each do |dsym|\n    system(\"curl -F dsym=@#{Shellwords.escape(dsym)} -F projectRoot=#{Shellwords.escape(ENV[\"PROJECT_DIR\"])} https://upload.bugsnag.com/\")\n  end\nend\n";
			showEnvVarsInLog = 0;
		};
/* End PBXShellScriptBuildPhase section */

/* Begin PBXSourcesBuildPhase section */
		F4FC86B216F93D9F00F801B5 /* Sources */ = {
			isa = PBXSourcesBuildPhase;
			buildActionMask = 2147483647;
			files = (
				F4FC86C616F93D9F00F801B5 /* main.m in Sources */,
				F4FC86CD16F93D9F00F801B5 /* AppDelegate.m in Sources */,
				F495C53417E3E26F00B1995A /* WindowController.m in Sources */,
			);
			runOnlyForDeploymentPostprocessing = 0;
		};
/* End PBXSourcesBuildPhase section */

/* Begin PBXVariantGroup section */
		F4FC86C216F93D9F00F801B5 /* InfoPlist.strings */ = {
			isa = PBXVariantGroup;
			children = (
				F4FC86C316F93D9F00F801B5 /* en */,
			);
			name = InfoPlist.strings;
			sourceTree = "<group>";
		};
		F4FC86C816F93D9F00F801B5 /* Credits.rtf */ = {
			isa = PBXVariantGroup;
			children = (
				F4FC86C916F93D9F00F801B5 /* en */,
			);
			name = Credits.rtf;
			sourceTree = "<group>";
		};
		F4FC86CE16F93D9F00F801B5 /* MainMenu.xib */ = {
			isa = PBXVariantGroup;
			children = (
				F4FC86CF16F93D9F00F801B5 /* en */,
			);
			name = MainMenu.xib;
			sourceTree = "<group>";
		};
/* End PBXVariantGroup section */

/* Begin XCBuildConfiguration section */
		F4FC86D116F93D9F00F801B5 /* Debug */ = {
			isa = XCBuildConfiguration;
			buildSettings = {
				ALWAYS_SEARCH_USER_PATHS = NO;
				ARCHS = "$(ARCHS_STANDARD_64_BIT)";
				CLANG_CXX_LANGUAGE_STANDARD = "gnu++0x";
				CLANG_CXX_LIBRARY = "libc++";
				CLANG_ENABLE_OBJC_ARC = YES;
				CLANG_WARN_CONSTANT_CONVERSION = YES;
				CLANG_WARN_EMPTY_BODY = YES;
				CLANG_WARN_ENUM_CONVERSION = YES;
				CLANG_WARN_INT_CONVERSION = YES;
				CLANG_WARN__DUPLICATE_METHOD_MATCH = YES;
				COPY_PHASE_STRIP = NO;
				GCC_C_LANGUAGE_STANDARD = gnu99;
				GCC_DYNAMIC_NO_PIC = NO;
				GCC_ENABLE_OBJC_EXCEPTIONS = YES;
				GCC_OPTIMIZATION_LEVEL = 0;
				GCC_PREPROCESSOR_DEFINITIONS = (
					"DEBUG=1",
					"$(inherited)",
				);
				GCC_SYMBOLS_PRIVATE_EXTERN = NO;
				GCC_WARN_64_TO_32_BIT_CONVERSION = YES;
				GCC_WARN_ABOUT_RETURN_TYPE = YES;
				GCC_WARN_UNINITIALIZED_AUTOS = YES;
				GCC_WARN_UNUSED_VARIABLE = YES;
				MACOSX_DEPLOYMENT_TARGET = 10.8;
				ONLY_ACTIVE_ARCH = YES;
				SDKROOT = macosx;
			};
			name = Debug;
		};
		F4FC86D216F93D9F00F801B5 /* Release */ = {
			isa = XCBuildConfiguration;
			buildSettings = {
				ALWAYS_SEARCH_USER_PATHS = NO;
				ARCHS = "$(ARCHS_STANDARD_64_BIT)";
				CLANG_CXX_LANGUAGE_STANDARD = "gnu++0x";
				CLANG_CXX_LIBRARY = "libc++";
				CLANG_ENABLE_OBJC_ARC = YES;
				CLANG_WARN_CONSTANT_CONVERSION = YES;
				CLANG_WARN_EMPTY_BODY = YES;
				CLANG_WARN_ENUM_CONVERSION = YES;
				CLANG_WARN_INT_CONVERSION = YES;
				CLANG_WARN__DUPLICATE_METHOD_MATCH = YES;
				COPY_PHASE_STRIP = YES;
				DEBUG_INFORMATION_FORMAT = "dwarf-with-dsym";
				GCC_C_LANGUAGE_STANDARD = gnu99;
				GCC_ENABLE_OBJC_EXCEPTIONS = YES;
				GCC_WARN_64_TO_32_BIT_CONVERSION = YES;
				GCC_WARN_ABOUT_RETURN_TYPE = YES;
				GCC_WARN_UNINITIALIZED_AUTOS = YES;
				GCC_WARN_UNUSED_VARIABLE = YES;
				MACOSX_DEPLOYMENT_TARGET = 10.8;
				SDKROOT = macosx;
			};
			name = Release;
		};
		F4FC86D416F93D9F00F801B5 /* Debug */ = {
			isa = XCBuildConfiguration;
			baseConfigurationReference = 1A0BA4BC0AFF4C70ACFDA8F1 /* Pods.xcconfig */;
			buildSettings = {
				COMBINE_HIDPI_IMAGES = YES;
				DEBUG_INFORMATION_FORMAT = "dwarf-with-dsym";
				GCC_PRECOMPILE_PREFIX_HEADER = YES;
				GCC_PREFIX_HEADER = "BugsnagTestOSX/BugsnagTestOSX-Prefix.pch";
				INFOPLIST_FILE = "BugsnagTestOSX/BugsnagTestOSX-Info.plist";
				PRODUCT_NAME = "$(TARGET_NAME)";
				WRAPPER_EXTENSION = app;
			};
			name = Debug;
		};
		F4FC86D516F93D9F00F801B5 /* Release */ = {
			isa = XCBuildConfiguration;
			baseConfigurationReference = 1A0BA4BC0AFF4C70ACFDA8F1 /* Pods.xcconfig */;
			buildSettings = {
				COMBINE_HIDPI_IMAGES = YES;
				GCC_PRECOMPILE_PREFIX_HEADER = YES;
				GCC_PREFIX_HEADER = "BugsnagTestOSX/BugsnagTestOSX-Prefix.pch";
				INFOPLIST_FILE = "BugsnagTestOSX/BugsnagTestOSX-Info.plist";
				PRODUCT_NAME = "$(TARGET_NAME)";
				WRAPPER_EXTENSION = app;
			};
			name = Release;
		};
/* End XCBuildConfiguration section */

/* Begin XCConfigurationList section */
		F4FC86B116F93D9E00F801B5 /* Build configuration list for PBXProject "BugsnagTestOSX" */ = {
			isa = XCConfigurationList;
			buildConfigurations = (
				F4FC86D116F93D9F00F801B5 /* Debug */,
				F4FC86D216F93D9F00F801B5 /* Release */,
			);
			defaultConfigurationIsVisible = 0;
			defaultConfigurationName = Release;
		};
		F4FC86D316F93D9F00F801B5 /* Build configuration list for PBXNativeTarget "BugsnagTestOSX" */ = {
			isa = XCConfigurationList;
			buildConfigurations = (
				F4FC86D416F93D9F00F801B5 /* Debug */,
				F4FC86D516F93D9F00F801B5 /* Release */,
			);
			defaultConfigurationIsVisible = 0;
			defaultConfigurationName = Release;
		};
/* End XCConfigurationList section */
	};
	rootObject = F4FC86AE16F93D9E00F801B5 /* Project object */;
}
