
PODS:
- Bugsnag (2.1.0):
  - Reachability (~> 3.1)
- Reachability (3.1.0)

DEPENDENCIES:
- Bugsnag (from `/Users/simon/Projects/bugsnag/notifiers/bugsnag-ios')

EXTERNAL SOURCES:
  Bugsnag:
    :local: /Users/simon/Projects/bugsnag/notifiers/bugsnag-ios

SPEC CHECKSUMS:
  Bugsnag: 6499c99fe2d0b6fe5caebf695d040e41a0871258
  Reachability: 1c8584c5f26fa776695efef95caaa50402c94cfb

COCOAPODS: 0.16.1
